
Microsoft Visual Studio Solution File, Format Version 12.00
# Visual Studio 15
VisualStudioVersion = 15.0.28010.2003
MinimumVisualStudioVersion = 10.0.40219.1
Project("{8BC9CEB8-8B4A-11D0-8D11-00A0C91BC942}") = "BeanCraft", "BeanCraft\BeanCraft.vcxproj", "{4396812E-405A-4BC9-8D26-FA5F828A9F6C}"
EndProject
Global
	GlobalSection(SolutionConfigurationPlatforms) = preSolution
		Debug|x64 = Debug|x64
		Debug|x86 = Debug|x86
		Release|x64 = Release|x64
		Release|x86 = Release|x86
	EndGlobalSection
	GlobalSection(ProjectConfigurationPlatforms) = postSolution
		{4396812E-405A-4BC9-8D26-FA5F828A9F6C}.Debug|x64.ActiveCfg = Debug|x64
		{4396812E-405A-4BC9-8D26-FA5F828A9F6C}.Debug|x64.Build.0 = Debug|x64
		{4396812E-405A-4BC9-8D26-FA5F828A9F6C}.Debug|x86.ActiveCfg = Debug|Win32
		{4396812E-405A-4BC9-8D26-FA5F828A9F6C}.Debug|x86.Build.0 = Debug|Win32
		{4396812E-405A-4BC9-8D26-FA5F828A9F6C}.Release|x64.ActiveCfg = Release|x64
		{4396812E-405A-4BC9-8D26-FA5F828A9F6C}.Release|x64.Build.0 = Release|x64
		{4396812E-405A-4BC9-8D26-FA5F828A9F6C}.Release|x86.ActiveCfg = Release|Win32
		{4396812E-405A-4BC9-8D26-FA5F828A9F6C}.Release|x86.Build.0 = Release|Win32
	EndGlobalSection
	GlobalSection(SolutionProperties) = preSolution
		HideSolutionNode = FALSE
	EndGlobalSection
	GlobalSection(ExtensibilityGlobals) = postSolution
		SolutionGuid = {16AC7FD5-E634-4AA2-B2C4-9FAECAE031FD}
	EndGlobalSection
EndGlobal
